// !$*UTF8*$!
{
	archiveVersion = 1;
	classes = {
	};
	objectVersion = 46;
	objects = {

/* Begin PBXBuildFile section */
		81001389181EE93F003AAEE5 /* Settings.bundle in Resources */ = {isa = PBXBuildFile; fileRef = 81001388181EE93F003AAEE5 /* Settings.bundle */; };
		813A92A81824237700C265FD /* Schedule.m in Sources */ = {isa = PBXBuildFile; fileRef = 813A92A71824237700C265FD /* Schedule.m */; };
		813A92AB1824263200C265FD /* MainScheduleViewController.m in Sources */ = {isa = PBXBuildFile; fileRef = 813A92AA1824263200C265FD /* MainScheduleViewController.m */; };
		813A92AE1824269A00C265FD /* ScheduleCell.m in Sources */ = {isa = PBXBuildFile; fileRef = 813A92AD1824269A00C265FD /* ScheduleCell.m */; };
		813CAE321818195F00F61EE8 /* TemplateCell.m in Sources */ = {isa = PBXBuildFile; fileRef = 813CAE311818195F00F61EE8 /* TemplateCell.m */; };
		813CAE351818211300F61EE8 /* ShowTemplateViewController.m in Sources */ = {isa = PBXBuildFile; fileRef = 813CAE341818211300F61EE8 /* ShowTemplateViewController.m */; };
		813CAE3B1819D40B00F61EE8 /* UnmanagedEvent.m in Sources */ = {isa = PBXBuildFile; fileRef = 813CAE3A1819D40A00F61EE8 /* UnmanagedEvent.m */; };
		813CAE3D181AD67400F61EE8 /* notLocked.png in Resources */ = {isa = PBXBuildFile; fileRef = 813CAE3C181AD67400F61EE8 /* notLocked.png */; };
		813CAE40181B1B1800F61EE8 /* PasswordViewController.m in Sources */ = {isa = PBXBuildFile; fileRef = 813CAE3F181B1B1700F61EE8 /* PasswordViewController.m */; };
		814005DB180DFED400786BC3 /* QuartzCore.framework in Frameworks */ = {isa = PBXBuildFile; fileRef = 814005DA180DFED400786BC3 /* QuartzCore.framework */; };
		814005E3180E4A5B00786BC3 /* Icon-72.png in Resources */ = {isa = PBXBuildFile; fileRef = 814005DC180E4A5B00786BC3 /* Icon-72.png */; };
		814005E4180E4A5B00786BC3 /* Icon-Small-50.png in Resources */ = {isa = PBXBuildFile; fileRef = 814005DD180E4A5B00786BC3 /* Icon-Small-50.png */; };
		814005E5180E4A5B00786BC3 /* Icon-Small.png in Resources */ = {isa = PBXBuildFile; fileRef = 814005DE180E4A5B00786BC3 /* Icon-Small.png */; };
		814005E6180E4A5B00786BC3 /* Icon-Small@2x.png in Resources */ = {isa = PBXBuildFile; fileRef = 814005DF180E4A5B00786BC3 /* Icon-Small@2x.png */; };
		814005E7180E4A5B00786BC3 /* Icon.png in Resources */ = {isa = PBXBuildFile; fileRef = 814005E0180E4A5B00786BC3 /* Icon.png */; };
		814005E8180E4A5B00786BC3 /* Icon@2x.png in Resources */ = {isa = PBXBuildFile; fileRef = 814005E1180E4A5B00786BC3 /* Icon@2x.png */; };
		814005E9180E4A5B00786BC3 /* Locked.png in Resources */ = {isa = PBXBuildFile; fileRef = 814005E2180E4A5B00786BC3 /* Locked.png */; };
		814005EC180EEF2200786BC3 /* Event.m in Sources */ = {isa = PBXBuildFile; fileRef = 814005EB180EEF2200786BC3 /* Event.m */; };
		814005EF181015E000786BC3 /* EventCell.m in Sources */ = {isa = PBXBuildFile; fileRef = 814005EE181015DF00786BC3 /* EventCell.m */; };
		814005F2181418F000786BC3 /* ChangeDateViewController.m in Sources */ = {isa = PBXBuildFile; fileRef = 814005F1181418EF00786BC3 /* ChangeDateViewController.m */; };
		8140062F181492DD00786BC3 /* TemplateListViewController.m in Sources */ = {isa = PBXBuildFile; fileRef = 8140062E181492DD00786BC3 /* TemplateListViewController.m */; };
		8140063218156DEF00786BC3 /* TemplateEvent.m in Sources */ = {isa = PBXBuildFile; fileRef = 8140063118156DEE00786BC3 /* TemplateEvent.m */; };
		8140063518156E3600786BC3 /* Template.m in Sources */ = {isa = PBXBuildFile; fileRef = 8140063418156E3600786BC3 /* Template.m */; };
		8140063B18157F7300786BC3 /* SaveTemplateViewController.m in Sources */ = {isa = PBXBuildFile; fileRef = 8140063A18157F7300786BC3 /* SaveTemplateViewController.m */; };
		81638A47183E6DA900EF2706 /* libsqlite3.dylib in Frameworks */ = {isa = PBXBuildFile; fileRef = 81638A46183E6DA900EF2706 /* libsqlite3.dylib */; };
		81638A4A183E723500EF2706 /* FirstLoadViewController.m in Sources */ = {isa = PBXBuildFile; fileRef = 81638A49183E723500EF2706 /* FirstLoadViewController.m */; };
		818B08BA1832E383002359ED /* MessageUI.framework in Frameworks */ = {isa = PBXBuildFile; fileRef = 818B08B91832E383002359ED /* MessageUI.framework */; };
		81921EA7180C865000ECCBEE /* UIKit.framework in Frameworks */ = {isa = PBXBuildFile; fileRef = 81921EA6180C865000ECCBEE /* UIKit.framework */; };
		81921EA9180C865000ECCBEE /* Foundation.framework in Frameworks */ = {isa = PBXBuildFile; fileRef = 81921EA8180C865000ECCBEE /* Foundation.framework */; };
		81921EAB180C865000ECCBEE /* CoreGraphics.framework in Frameworks */ = {isa = PBXBuildFile; fileRef = 81921EAA180C865000ECCBEE /* CoreGraphics.framework */; };
		81921EAD180C865000ECCBEE /* CoreData.framework in Frameworks */ = {isa = PBXBuildFile; fileRef = 81921EAC180C865000ECCBEE /* CoreData.framework */; };
		81921EB3180C865000ECCBEE /* InfoPlist.strings in Resources */ = {isa = PBXBuildFile; fileRef = 81921EB1180C865000ECCBEE /* InfoPlist.strings */; };
		81921EB5180C865000ECCBEE /* main.m in Sources */ = {isa = PBXBuildFile; fileRef = 81921EB4180C865000ECCBEE /* main.m */; };
		81921EB9180C865000ECCBEE /* NowWhatAppDelegate.m in Sources */ = {isa = PBXBuildFile; fileRef = 81921EB8180C865000ECCBEE /* NowWhatAppDelegate.m */; };
		81921EBF180C865000ECCBEE /* Default-568h@2x.png in Resources */ = {isa = PBXBuildFile; fileRef = 81921EBE180C865000ECCBEE /* Default-568h@2x.png */; };
		81921EC2180C865000ECCBEE /* MainStoryboard_iPhone.storyboard in Resources */ = {isa = PBXBuildFile; fileRef = 81921EC0180C865000ECCBEE /* MainStoryboard_iPhone.storyboard */; };
		81921EC5180C865000ECCBEE /* MainStoryboard_iPad.storyboard in Resources */ = {isa = PBXBuildFile; fileRef = 81921EC3180C865000ECCBEE /* MainStoryboard_iPad.storyboard */; };
		81921EC8180C865000ECCBEE /* NowWhat.xcdatamodeld in Sources */ = {isa = PBXBuildFile; fileRef = 81921EC6180C865000ECCBEE /* NowWhat.xcdatamodeld */; };
		81921ECB180C865000ECCBEE /* NowWhatMasterViewController.m in Sources */ = {isa = PBXBuildFile; fileRef = 81921ECA180C865000ECCBEE /* NowWhatMasterViewController.m */; };
		81921ECE180C865000ECCBEE /* NowWhatDetailViewController.m in Sources */ = {isa = PBXBuildFile; fileRef = 81921ECD180C865000ECCBEE /* NowWhatDetailViewController.m */; };
		81921ED6180CEDB800ECCBEE /* EditEventViewController.m in Sources */ = {isa = PBXBuildFile; fileRef = 81921ED5180CEDB800ECCBEE /* EditEventViewController.m */; };
		81F697BC182451C1006A6843 /* AddScheduleViewController.m in Sources */ = {isa = PBXBuildFile; fileRef = 81F697BB182451C1006A6843 /* AddScheduleViewController.m */; };
		81F697BF18269559006A6843 /* MainInfoViewController.m in Sources */ = {isa = PBXBuildFile; fileRef = 81F697BE18269559006A6843 /* MainInfoViewController.m */; };
		81F697C218269A9D006A6843 /* ShareAndPrintViewController.m in Sources */ = {isa = PBXBuildFile; fileRef = 81F697C118269A9C006A6843 /* ShareAndPrintViewController.m */; };
/* End PBXBuildFile section */

/* Begin PBXFileReference section */
		81001388181EE93F003AAEE5 /* Settings.bundle */ = {isa = PBXFileReference; lastKnownFileType = "wrapper.plug-in"; path = Settings.bundle; sourceTree = "<group>"; };
		813A92A61824237700C265FD /* Schedule.h */ = {isa = PBXFileReference; fileEncoding = 4; lastKnownFileType = sourcecode.c.h; path = Schedule.h; sourceTree = "<group>"; };
		813A92A71824237700C265FD /* Schedule.m */ = {isa = PBXFileReference; fileEncoding = 4; lastKnownFileType = sourcecode.c.objc; path = Schedule.m; sourceTree = "<group>"; };
		813A92A91824263200C265FD /* MainScheduleViewController.h */ = {isa = PBXFileReference; fileEncoding = 4; lastKnownFileType = sourcecode.c.h; path = MainScheduleViewController.h; sourceTree = "<group>"; };
		813A92AA1824263200C265FD /* MainScheduleViewController.m */ = {isa = PBXFileReference; fileEncoding = 4; lastKnownFileType = sourcecode.c.objc; path = MainScheduleViewController.m; sourceTree = "<group>"; };
		813A92AC1824269A00C265FD /* ScheduleCell.h */ = {isa = PBXFileReference; fileEncoding = 4; lastKnownFileType = sourcecode.c.h; path = ScheduleCell.h; sourceTree = "<group>"; };
		813A92AD1824269A00C265FD /* ScheduleCell.m */ = {isa = PBXFileReference; fileEncoding = 4; lastKnownFileType = sourcecode.c.objc; path = ScheduleCell.m; sourceTree = "<group>"; };
		813CAE301818195E00F61EE8 /* TemplateCell.h */ = {isa = PBXFileReference; fileEncoding = 4; lastKnownFileType = sourcecode.c.h; path = TemplateCell.h; sourceTree = "<group>"; };
		813CAE311818195F00F61EE8 /* TemplateCell.m */ = {isa = PBXFileReference; fileEncoding = 4; lastKnownFileType = sourcecode.c.objc; path = TemplateCell.m; sourceTree = "<group>"; };
		813CAE331818211200F61EE8 /* ShowTemplateViewController.h */ = {isa = PBXFileReference; fileEncoding = 4; lastKnownFileType = sourcecode.c.h; path = ShowTemplateViewController.h; sourceTree = "<group>"; };
		813CAE341818211300F61EE8 /* ShowTemplateViewController.m */ = {isa = PBXFileReference; fileEncoding = 4; lastKnownFileType = sourcecode.c.objc; path = ShowTemplateViewController.m; sourceTree = "<group>"; };
		813CAE391819D40A00F61EE8 /* UnmanagedEvent.h */ = {isa = PBXFileReference; fileEncoding = 4; lastKnownFileType = sourcecode.c.h; path = UnmanagedEvent.h; sourceTree = "<group>"; };
		813CAE3A1819D40A00F61EE8 /* UnmanagedEvent.m */ = {isa = PBXFileReference; fileEncoding = 4; lastKnownFileType = sourcecode.c.objc; path = UnmanagedEvent.m; sourceTree = "<group>"; };
		813CAE3C181AD67400F61EE8 /* notLocked.png */ = {isa = PBXFileReference; lastKnownFileType = image.png; path = notLocked.png; sourceTree = "<group>"; };
		813CAE3E181B1B1700F61EE8 /* PasswordViewController.h */ = {isa = PBXFileReference; fileEncoding = 4; lastKnownFileType = sourcecode.c.h; path = PasswordViewController.h; sourceTree = "<group>"; };
		813CAE3F181B1B1700F61EE8 /* PasswordViewController.m */ = {isa = PBXFileReference; fileEncoding = 4; lastKnownFileType = sourcecode.c.objc; path = PasswordViewController.m; sourceTree = "<group>"; };
		814005DA180DFED400786BC3 /* QuartzCore.framework */ = {isa = PBXFileReference; lastKnownFileType = wrapper.framework; name = QuartzCore.framework; path = System/Library/Frameworks/QuartzCore.framework; sourceTree = SDKROOT; };
		814005DC180E4A5B00786BC3 /* Icon-72.png */ = {isa = PBXFileReference; lastKnownFileType = image.png; path = "Icon-72.png"; sourceTree = "<group>"; };
		814005DD180E4A5B00786BC3 /* Icon-Small-50.png */ = {isa = PBXFileReference; lastKnownFileType = image.png; path = "Icon-Small-50.png"; sourceTree = "<group>"; };
		814005DE180E4A5B00786BC3 /* Icon-Small.png */ = {isa = PBXFileReference; lastKnownFileType = image.png; path = "Icon-Small.png"; sourceTree = "<group>"; };
		814005DF180E4A5B00786BC3 /* Icon-Small@2x.png */ = {isa = PBXFileReference; lastKnownFileType = image.png; path = "Icon-Small@2x.png"; sourceTree = "<group>"; };
		814005E0180E4A5B00786BC3 /* Icon.png */ = {isa = PBXFileReference; lastKnownFileType = image.png; path = Icon.png; sourceTree = "<group>"; };
		814005E1180E4A5B00786BC3 /* Icon@2x.png */ = {isa = PBXFileReference; lastKnownFileType = image.png; path = "Icon@2x.png"; sourceTree = "<group>"; };
		814005E2180E4A5B00786BC3 /* Locked.png */ = {isa = PBXFileReference; lastKnownFileType = image.png; path = Locked.png; sourceTree = "<group>"; };
		814005EA180EEF2200786BC3 /* Event.h */ = {isa = PBXFileReference; fileEncoding = 4; lastKnownFileType = sourcecode.c.h; path = Event.h; sourceTree = "<group>"; };
		814005EB180EEF2200786BC3 /* Event.m */ = {isa = PBXFileReference; fileEncoding = 4; lastKnownFileType = sourcecode.c.objc; path = Event.m; sourceTree = "<group>"; };
		814005ED181015DF00786BC3 /* EventCell.h */ = {isa = PBXFileReference; fileEncoding = 4; lastKnownFileType = sourcecode.c.h; path = EventCell.h; sourceTree = "<group>"; };
		814005EE181015DF00786BC3 /* EventCell.m */ = {isa = PBXFileReference; fileEncoding = 4; lastKnownFileType = sourcecode.c.objc; path = EventCell.m; sourceTree = "<group>"; };
		814005F0181418EF00786BC3 /* ChangeDateViewController.h */ = {isa = PBXFileReference; fileEncoding = 4; lastKnownFileType = sourcecode.c.h; path = ChangeDateViewController.h; sourceTree = "<group>"; };
		814005F1181418EF00786BC3 /* ChangeDateViewController.m */ = {isa = PBXFileReference; fileEncoding = 4; lastKnownFileType = sourcecode.c.objc; path = ChangeDateViewController.m; sourceTree = "<group>"; };
		8140062D181492DC00786BC3 /* TemplateListViewController.h */ = {isa = PBXFileReference; fileEncoding = 4; lastKnownFileType = sourcecode.c.h; path = TemplateListViewController.h; sourceTree = "<group>"; };
		8140062E181492DD00786BC3 /* TemplateListViewController.m */ = {isa = PBXFileReference; fileEncoding = 4; lastKnownFileType = sourcecode.c.objc; path = TemplateListViewController.m; sourceTree = "<group>"; };
		8140063018156DEE00786BC3 /* TemplateEvent.h */ = {isa = PBXFileReference; fileEncoding = 4; lastKnownFileType = sourcecode.c.h; path = TemplateEvent.h; sourceTree = "<group>"; };
		8140063118156DEE00786BC3 /* TemplateEvent.m */ = {isa = PBXFileReference; fileEncoding = 4; lastKnownFileType = sourcecode.c.objc; path = TemplateEvent.m; sourceTree = "<group>"; };
		8140063318156E3600786BC3 /* Template.h */ = {isa = PBXFileReference; fileEncoding = 4; lastKnownFileType = sourcecode.c.h; path = Template.h; sourceTree = "<group>"; };
		8140063418156E3600786BC3 /* Template.m */ = {isa = PBXFileReference; fileEncoding = 4; lastKnownFileType = sourcecode.c.objc; path = Template.m; sourceTree = "<group>"; };
		8140063918157F7300786BC3 /* SaveTemplateViewController.h */ = {isa = PBXFileReference; fileEncoding = 4; lastKnownFileType = sourcecode.c.h; name = SaveTemplateViewController.h; path = ../SaveTemplateViewController.h; sourceTree = "<group>"; };
		8140063A18157F7300786BC3 /* SaveTemplateViewController.m */ = {isa = PBXFileReference; fileEncoding = 4; lastKnownFileType = sourcecode.c.objc; name = SaveTemplateViewController.m; path = ../SaveTemplateViewController.m; sourceTree = "<group>"; };
		81638A46183E6DA900EF2706 /* libsqlite3.dylib */ = {isa = PBXFileReference; lastKnownFileType = "compiled.mach-o.dylib"; name = libsqlite3.dylib; path = usr/lib/libsqlite3.dylib; sourceTree = SDKROOT; };
		81638A48183E723500EF2706 /* FirstLoadViewController.h */ = {isa = PBXFileReference; fileEncoding = 4; lastKnownFileType = sourcecode.c.h; path = FirstLoadViewController.h; sourceTree = "<group>"; };
		81638A49183E723500EF2706 /* FirstLoadViewController.m */ = {isa = PBXFileReference; fileEncoding = 4; lastKnownFileType = sourcecode.c.objc; path = FirstLoadViewController.m; sourceTree = "<group>"; };
		818B08B91832E383002359ED /* MessageUI.framework */ = {isa = PBXFileReference; lastKnownFileType = wrapper.framework; name = MessageUI.framework; path = System/Library/Frameworks/MessageUI.framework; sourceTree = SDKROOT; };
		81921EA3180C865000ECCBEE /* NowWhat.app */ = {isa = PBXFileReference; explicitFileType = wrapper.application; includeInIndex = 0; path = NowWhat.app; sourceTree = BUILT_PRODUCTS_DIR; };
		81921EA6180C865000ECCBEE /* UIKit.framework */ = {isa = PBXFileReference; lastKnownFileType = wrapper.framework; name = UIKit.framework; path = System/Library/Frameworks/UIKit.framework; sourceTree = SDKROOT; };
		81921EA8180C865000ECCBEE /* Foundation.framework */ = {isa = PBXFileReference; lastKnownFileType = wrapper.framework; name = Foundation.framework; path = System/Library/Frameworks/Foundation.framework; sourceTree = SDKROOT; };
		81921EAA180C865000ECCBEE /* CoreGraphics.framework */ = {isa = PBXFileReference; lastKnownFileType = wrapper.framework; name = CoreGraphics.framework; path = System/Library/Frameworks/CoreGraphics.framework; sourceTree = SDKROOT; };
		81921EAC180C865000ECCBEE /* CoreData.framework */ = {isa = PBXFileReference; lastKnownFileType = wrapper.framework; name = CoreData.framework; path = System/Library/Frameworks/CoreData.framework; sourceTree = SDKROOT; };
		81921EB0180C865000ECCBEE /* NowWhat-Info.plist */ = {isa = PBXFileReference; lastKnownFileType = text.plist.xml; path = "NowWhat-Info.plist"; sourceTree = "<group>"; };
		81921EB2180C865000ECCBEE /* en */ = {isa = PBXFileReference; lastKnownFileType = text.plist.strings; name = en; path = en.lproj/InfoPlist.strings; sourceTree = "<group>"; };
		81921EB4180C865000ECCBEE /* main.m */ = {isa = PBXFileReference; lastKnownFileType = sourcecode.c.objc; path = main.m; sourceTree = "<group>"; };
		81921EB6180C865000ECCBEE /* NowWhat-Prefix.pch */ = {isa = PBXFileReference; lastKnownFileType = sourcecode.c.h; path = "NowWhat-Prefix.pch"; sourceTree = "<group>"; };
		81921EB7180C865000ECCBEE /* NowWhatAppDelegate.h */ = {isa = PBXFileReference; lastKnownFileType = sourcecode.c.h; path = NowWhatAppDelegate.h; sourceTree = "<group>"; };
		81921EB8180C865000ECCBEE /* NowWhatAppDelegate.m */ = {isa = PBXFileReference; lastKnownFileType = sourcecode.c.objc; path = NowWhatAppDelegate.m; sourceTree = "<group>"; };
		81921EBE180C865000ECCBEE /* Default-568h@2x.png */ = {isa = PBXFileReference; lastKnownFileType = image.png; path = "Default-568h@2x.png"; sourceTree = "<group>"; };
		81921EC1180C865000ECCBEE /* en */ = {isa = PBXFileReference; lastKnownFileType = file.storyboard; name = en; path = en.lproj/MainStoryboard_iPhone.storyboard; sourceTree = "<group>"; };
		81921EC4180C865000ECCBEE /* en */ = {isa = PBXFileReference; lastKnownFileType = file.storyboard; name = en; path = en.lproj/MainStoryboard_iPad.storyboard; sourceTree = "<group>"; };
		81921EC7180C865000ECCBEE /* NowWhat.xcdatamodel */ = {isa = PBXFileReference; lastKnownFileType = wrapper.xcdatamodel; path = NowWhat.xcdatamodel; sourceTree = "<group>"; };
		81921EC9180C865000ECCBEE /* NowWhatMasterViewController.h */ = {isa = PBXFileReference; lastKnownFileType = sourcecode.c.h; path = NowWhatMasterViewController.h; sourceTree = "<group>"; };
		81921ECA180C865000ECCBEE /* NowWhatMasterViewController.m */ = {isa = PBXFileReference; lastKnownFileType = sourcecode.c.objc; path = NowWhatMasterViewController.m; sourceTree = "<group>"; };
		81921ECC180C865000ECCBEE /* NowWhatDetailViewController.h */ = {isa = PBXFileReference; lastKnownFileType = sourcecode.c.h; path = NowWhatDetailViewController.h; sourceTree = "<group>"; };
		81921ECD180C865000ECCBEE /* NowWhatDetailViewController.m */ = {isa = PBXFileReference; lastKnownFileType = sourcecode.c.objc; path = NowWhatDetailViewController.m; sourceTree = "<group>"; };
		81921ED4180CEDB800ECCBEE /* EditEventViewController.h */ = {isa = PBXFileReference; fileEncoding = 4; lastKnownFileType = sourcecode.c.h; path = EditEventViewController.h; sourceTree = "<group>"; };
		81921ED5180CEDB800ECCBEE /* EditEventViewController.m */ = {isa = PBXFileReference; fileEncoding = 4; lastKnownFileType = sourcecode.c.objc; path = EditEventViewController.m; sourceTree = "<group>"; };
		81F697BA182451C1006A6843 /* AddScheduleViewController.h */ = {isa = PBXFileReference; fileEncoding = 4; lastKnownFileType = sourcecode.c.h; path = AddScheduleViewController.h; sourceTree = "<group>"; };
		81F697BB182451C1006A6843 /* AddScheduleViewController.m */ = {isa = PBXFileReference; fileEncoding = 4; lastKnownFileType = sourcecode.c.objc; path = AddScheduleViewController.m; sourceTree = "<group>"; };
		81F697BD18269559006A6843 /* MainInfoViewController.h */ = {isa = PBXFileReference; fileEncoding = 4; lastKnownFileType = sourcecode.c.h; path = MainInfoViewController.h; sourceTree = "<group>"; };
		81F697BE18269559006A6843 /* MainInfoViewController.m */ = {isa = PBXFileReference; fileEncoding = 4; lastKnownFileType = sourcecode.c.objc; path = MainInfoViewController.m; sourceTree = "<group>"; };
		81F697C018269A9C006A6843 /* ShareAndPrintViewController.h */ = {isa = PBXFileReference; fileEncoding = 4; lastKnownFileType = sourcecode.c.h; path = ShareAndPrintViewController.h; sourceTree = "<group>"; };
		81F697C118269A9C006A6843 /* ShareAndPrintViewController.m */ = {isa = PBXFileReference; fileEncoding = 4; lastKnownFileType = sourcecode.c.objc; path = ShareAndPrintViewController.m; sourceTree = "<group>"; };
/* End PBXFileReference section */

/* Begin PBXFrameworksBuildPhase section */
		81921EA0180C865000ECCBEE /* Frameworks */ = {
			isa = PBXFrameworksBuildPhase;
			buildActionMask = 2147483647;
			files = (
				81638A47183E6DA900EF2706 /* libsqlite3.dylib in Frameworks */,
				818B08BA1832E383002359ED /* MessageUI.framework in Frameworks */,
				814005DB180DFED400786BC3 /* QuartzCore.framework in Frameworks */,
				81921EA7180C865000ECCBEE /* UIKit.framework in Frameworks */,
				81921EA9180C865000ECCBEE /* Foundation.framework in Frameworks */,
				81921EAB180C865000ECCBEE /* CoreGraphics.framework in Frameworks */,
				81921EAD180C865000ECCBEE /* CoreData.framework in Frameworks */,
			);
			runOnlyForDeploymentPostprocessing = 0;
		};
/* End PBXFrameworksBuildPhase section */

/* Begin PBXGroup section */
		81921E9A180C865000ECCBEE = {
			isa = PBXGroup;
			children = (
				81638A46183E6DA900EF2706 /* libsqlite3.dylib */,
				818B08B91832E383002359ED /* MessageUI.framework */,
				814005DA180DFED400786BC3 /* QuartzCore.framework */,
				81921EAE180C865000ECCBEE /* NowWhat */,
				81921EA5180C865000ECCBEE /* Frameworks */,
				81921EA4180C865000ECCBEE /* Products */,
			);
			sourceTree = "<group>";
		};
		81921EA4180C865000ECCBEE /* Products */ = {
			isa = PBXGroup;
			children = (
				81921EA3180C865000ECCBEE /* NowWhat.app */,
			);
			name = Products;
			sourceTree = "<group>";
		};
		81921EA5180C865000ECCBEE /* Frameworks */ = {
			isa = PBXGroup;
			children = (
				81921EA6180C865000ECCBEE /* UIKit.framework */,
				81921EA8180C865000ECCBEE /* Foundation.framework */,
				81921EAA180C865000ECCBEE /* CoreGraphics.framework */,
				81921EAC180C865000ECCBEE /* CoreData.framework */,
			);
			name = Frameworks;
			sourceTree = "<group>";
		};
		81921EAE180C865000ECCBEE /* NowWhat */ = {
			isa = PBXGroup;
			children = (
				813A92A61824237700C265FD /* Schedule.h */,
				813A92A71824237700C265FD /* Schedule.m */,
				814005EA180EEF2200786BC3 /* Event.h */,
				814005EB180EEF2200786BC3 /* Event.m */,
				813CAE391819D40A00F61EE8 /* UnmanagedEvent.h */,
				813CAE3A1819D40A00F61EE8 /* UnmanagedEvent.m */,
				814005ED181015DF00786BC3 /* EventCell.h */,
				814005EE181015DF00786BC3 /* EventCell.m */,
				813CAE301818195E00F61EE8 /* TemplateCell.h */,
				813CAE311818195F00F61EE8 /* TemplateCell.m */,
				813A92AC1824269A00C265FD /* ScheduleCell.h */,
				813A92AD1824269A00C265FD /* ScheduleCell.m */,
				8140063318156E3600786BC3 /* Template.h */,
				8140063418156E3600786BC3 /* Template.m */,
				8140063018156DEE00786BC3 /* TemplateEvent.h */,
				8140063118156DEE00786BC3 /* TemplateEvent.m */,
				81921EB7180C865000ECCBEE /* NowWhatAppDelegate.h */,
				81921EB8180C865000ECCBEE /* NowWhatAppDelegate.m */,
				81921EC0180C865000ECCBEE /* MainStoryboard_iPhone.storyboard */,
				81638A48183E723500EF2706 /* FirstLoadViewController.h */,
				81638A49183E723500EF2706 /* FirstLoadViewController.m */,
				81F697C018269A9C006A6843 /* ShareAndPrintViewController.h */,
				81F697C118269A9C006A6843 /* ShareAndPrintViewController.m */,
				81F697BD18269559006A6843 /* MainInfoViewController.h */,
				81F697BE18269559006A6843 /* MainInfoViewController.m */,
				813A92A91824263200C265FD /* MainScheduleViewController.h */,
				813A92AA1824263200C265FD /* MainScheduleViewController.m */,
				81F697BA182451C1006A6843 /* AddScheduleViewController.h */,
				81F697BB182451C1006A6843 /* AddScheduleViewController.m */,
				81921EC9180C865000ECCBEE /* NowWhatMasterViewController.h */,
				81921ECA180C865000ECCBEE /* NowWhatMasterViewController.m */,
				814005F0181418EF00786BC3 /* ChangeDateViewController.h */,
				814005F1181418EF00786BC3 /* ChangeDateViewController.m */,
				813CAE3E181B1B1700F61EE8 /* PasswordViewController.h */,
				813CAE3F181B1B1700F61EE8 /* PasswordViewController.m */,
				81921ED4180CEDB800ECCBEE /* EditEventViewController.h */,
				81921ED5180CEDB800ECCBEE /* EditEventViewController.m */,
				8140063918157F7300786BC3 /* SaveTemplateViewController.h */,
				8140063A18157F7300786BC3 /* SaveTemplateViewController.m */,
				8140062D181492DC00786BC3 /* TemplateListViewController.h */,
				8140062E181492DD00786BC3 /* TemplateListViewController.m */,
				813CAE331818211200F61EE8 /* ShowTemplateViewController.h */,
				813CAE341818211300F61EE8 /* ShowTemplateViewController.m */,
				81921EC3180C865000ECCBEE /* MainStoryboard_iPad.storyboard */,
				81921ECC180C865000ECCBEE /* NowWhatDetailViewController.h */,
				81921ECD180C865000ECCBEE /* NowWhatDetailViewController.m */,
				81921EC6180C865000ECCBEE /* NowWhat.xcdatamodeld */,
				81921EAF180C865000ECCBEE /* Supporting Files */,
				81001388181EE93F003AAEE5 /* Settings.bundle */,
			);
			path = NowWhat;
			sourceTree = "<group>";
		};
		81921EAF180C865000ECCBEE /* Supporting Files */ = {
			isa = PBXGroup;
			children = (
				813CAE3C181AD67400F61EE8 /* notLocked.png */,
				814005DC180E4A5B00786BC3 /* Icon-72.png */,
				814005DD180E4A5B00786BC3 /* Icon-Small-50.png */,
				814005DE180E4A5B00786BC3 /* Icon-Small.png */,
				81921EB1180C865000ECCBEE /* InfoPlist.strings */,
				814005DF180E4A5B00786BC3 /* Icon-Small@2x.png */,
				814005E0180E4A5B00786BC3 /* Icon.png */,
				814005E1180E4A5B00786BC3 /* Icon@2x.png */,
				814005E2180E4A5B00786BC3 /* Locked.png */,
				81921EB0180C865000ECCBEE /* NowWhat-Info.plist */,
				81921EB4180C865000ECCBEE /* main.m */,
				81921EB6180C865000ECCBEE /* NowWhat-Prefix.pch */,
				81921EBE180C865000ECCBEE /* Default-568h@2x.png */,
			);
			name = "Supporting Files";
			sourceTree = "<group>";
		};
/* End PBXGroup section */

/* Begin PBXNativeTarget section */
		81921EA2180C865000ECCBEE /* NowWhat */ = {
			isa = PBXNativeTarget;
			buildConfigurationList = 81921ED1180C865000ECCBEE /* Build configuration list for PBXNativeTarget "NowWhat" */;
			buildPhases = (
				81921E9F180C865000ECCBEE /* Sources */,
				81921EA0180C865000ECCBEE /* Frameworks */,
				81921EA1180C865000ECCBEE /* Resources */,
			);
			buildRules = (
			);
			dependencies = (
			);
			name = NowWhat;
			productName = NowWhat;
			productReference = 81921EA3180C865000ECCBEE /* NowWhat.app */;
			productType = "com.apple.product-type.application";
		};
/* End PBXNativeTarget section */

/* Begin PBXProject section */
		81921E9B180C865000ECCBEE /* Project object */ = {
			isa = PBXProject;
			attributes = {
				CLASSPREFIX = NowWhat;
				LastUpgradeCheck = 0460;
				ORGANIZATIONNAME = "Rich Humphrey";
			};
			buildConfigurationList = 81921E9E180C865000ECCBEE /* Build configuration list for PBXProject "NowWhat" */;
			compatibilityVersion = "Xcode 3.2";
			developmentRegion = English;
			hasScannedForEncodings = 0;
			knownRegions = (
				en,
			);
			mainGroup = 81921E9A180C865000ECCBEE;
			productRefGroup = 81921EA4180C865000ECCBEE /* Products */;
			projectDirPath = "";
			projectRoot = "";
			targets = (
				81921EA2180C865000ECCBEE /* NowWhat */,
			);
		};
/* End PBXProject section */

/* Begin PBXResourcesBuildPhase section */
		81921EA1180C865000ECCBEE /* Resources */ = {
			isa = PBXResourcesBuildPhase;
			buildActionMask = 2147483647;
			files = (
				81921EB3180C865000ECCBEE /* InfoPlist.strings in Resources */,
				81921EBF180C865000ECCBEE /* Default-568h@2x.png in Resources */,
				81921EC2180C865000ECCBEE /* MainStoryboard_iPhone.storyboard in Resources */,
				81921EC5180C865000ECCBEE /* MainStoryboard_iPad.storyboard in Resources */,
				814005E3180E4A5B00786BC3 /* Icon-72.png in Resources */,
				814005E4180E4A5B00786BC3 /* Icon-Small-50.png in Resources */,
				814005E5180E4A5B00786BC3 /* Icon-Small.png in Resources */,
				814005E6180E4A5B00786BC3 /* Icon-Small@2x.png in Resources */,
				814005E7180E4A5B00786BC3 /* Icon.png in Resources */,
				814005E8180E4A5B00786BC3 /* Icon@2x.png in Resources */,
				814005E9180E4A5B00786BC3 /* Locked.png in Resources */,
				813CAE3D181AD67400F61EE8 /* notLocked.png in Resources */,
				81001389181EE93F003AAEE5 /* Settings.bundle in Resources */,
			);
			runOnlyForDeploymentPostprocessing = 0;
		};
/* End PBXResourcesBuildPhase section */

/* Begin PBXSourcesBuildPhase section */
		81921E9F180C865000ECCBEE /* Sources */ = {
			isa = PBXSourcesBuildPhase;
			buildActionMask = 2147483647;
			files = (
				81921EB5180C865000ECCBEE /* main.m in Sources */,
				81921EB9180C865000ECCBEE /* NowWhatAppDelegate.m in Sources */,
				81921EC8180C865000ECCBEE /* NowWhat.xcdatamodeld in Sources */,
				81921ECB180C865000ECCBEE /* NowWhatMasterViewController.m in Sources */,
				81921ECE180C865000ECCBEE /* NowWhatDetailViewController.m in Sources */,
				81921ED6180CEDB800ECCBEE /* EditEventViewController.m in Sources */,
				814005EC180EEF2200786BC3 /* Event.m in Sources */,
				814005EF181015E000786BC3 /* EventCell.m in Sources */,
				814005F2181418F000786BC3 /* ChangeDateViewController.m in Sources */,
				8140062F181492DD00786BC3 /* TemplateListViewController.m in Sources */,
				8140063218156DEF00786BC3 /* TemplateEvent.m in Sources */,
				8140063518156E3600786BC3 /* Template.m in Sources */,
				8140063B18157F7300786BC3 /* SaveTemplateViewController.m in Sources */,
				813CAE321818195F00F61EE8 /* TemplateCell.m in Sources */,
				813CAE351818211300F61EE8 /* ShowTemplateViewController.m in Sources */,
				813CAE3B1819D40B00F61EE8 /* UnmanagedEvent.m in Sources */,
				813CAE40181B1B1800F61EE8 /* PasswordViewController.m in Sources */,
				813A92A81824237700C265FD /* Schedule.m in Sources */,
				813A92AB1824263200C265FD /* MainScheduleViewController.m in Sources */,
				813A92AE1824269A00C265FD /* ScheduleCell.m in Sources */,
				81F697BC182451C1006A6843 /* AddScheduleViewController.m in Sources */,
				81F697BF18269559006A6843 /* MainInfoViewController.m in Sources */,
				81F697C218269A9D006A6843 /* ShareAndPrintViewController.m in Sources */,
				81638A4A183E723500EF2706 /* FirstLoadViewController.m in Sources */,
			);
			runOnlyForDeploymentPostprocessing = 0;
		};
/* End PBXSourcesBuildPhase section */

/* Begin PBXVariantGroup section */
		81921EB1180C865000ECCBEE /* InfoPlist.strings */ = {
			isa = PBXVariantGroup;
			children = (
				81921EB2180C865000ECCBEE /* en */,
			);
			name = InfoPlist.strings;
			sourceTree = "<group>";
		};
		81921EC0180C865000ECCBEE /* MainStoryboard_iPhone.storyboard */ = {
			isa = PBXVariantGroup;
			children = (
				81921EC1180C865000ECCBEE /* en */,
			);
			name = MainStoryboard_iPhone.storyboard;
			sourceTree = "<group>";
		};
		81921EC3180C865000ECCBEE /* MainStoryboard_iPad.storyboard */ = {
			isa = PBXVariantGroup;
			children = (
				81921EC4180C865000ECCBEE /* en */,
			);
			name = MainStoryboard_iPad.storyboard;
			sourceTree = "<group>";
		};
/* End PBXVariantGroup section */

/* Begin XCBuildConfiguration section */
		81921ECF180C865000ECCBEE /* Debug */ = {
			isa = XCBuildConfiguration;
			buildSettings = {
				ALWAYS_SEARCH_USER_PATHS = NO;
				CLANG_CXX_LANGUAGE_STANDARD = "gnu++0x";
				CLANG_CXX_LIBRARY = "libc++";
				CLANG_ENABLE_OBJC_ARC = YES;
				CLANG_WARN_CONSTANT_CONVERSION = YES;
				CLANG_WARN_EMPTY_BODY = YES;
				CLANG_WARN_ENUM_CONVERSION = YES;
				CLANG_WARN_INT_CONVERSION = YES;
				CLANG_WARN__DUPLICATE_METHOD_MATCH = YES;
				"CODE_SIGN_IDENTITY[sdk=iphoneos*]" = "iPhone Developer";
				COPY_PHASE_STRIP = NO;
				GCC_C_LANGUAGE_STANDARD = gnu99;
				GCC_DYNAMIC_NO_PIC = NO;
				GCC_OPTIMIZATION_LEVEL = 0;
				GCC_PREPROCESSOR_DEFINITIONS = (
					"DEBUG=1",
					"$(inherited)",
				);
				GCC_SYMBOLS_PRIVATE_EXTERN = NO;
				GCC_WARN_ABOUT_RETURN_TYPE = YES;
				GCC_WARN_UNINITIALIZED_AUTOS = YES;
				GCC_WARN_UNUSED_VARIABLE = YES;
				IPHONEOS_DEPLOYMENT_TARGET = 6.1;
				ONLY_ACTIVE_ARCH = YES;
				SDKROOT = iphoneos;
				TARGETED_DEVICE_FAMILY = "1,2";
			};
			name = Debug;
		};
		81921ED0180C865000ECCBEE /* Release */ = {
			isa = XCBuildConfiguration;
			buildSettings = {
				ALWAYS_SEARCH_USER_PATHS = NO;
				CLANG_CXX_LANGUAGE_STANDARD = "gnu++0x";
				CLANG_CXX_LIBRARY = "libc++";
				CLANG_ENABLE_OBJC_ARC = YES;
				CLANG_WARN_CONSTANT_CONVERSION = YES;
				CLANG_WARN_EMPTY_BODY = YES;
				CLANG_WARN_ENUM_CONVERSION = YES;
				CLANG_WARN_INT_CONVERSION = YES;
				CLANG_WARN__DUPLICATE_METHOD_MATCH = YES;
				"CODE_SIGN_IDENTITY[sdk=iphoneos*]" = "iPhone Developer";
				COPY_PHASE_STRIP = YES;
				GCC_C_LANGUAGE_STANDARD = gnu99;
				GCC_WARN_ABOUT_RETURN_TYPE = YES;
				GCC_WARN_UNINITIALIZED_AUTOS = YES;
				GCC_WARN_UNUSED_VARIABLE = YES;
				IPHONEOS_DEPLOYMENT_TARGET = 6.1;
				OTHER_CFLAGS = "-DNS_BLOCK_ASSERTIONS=1";
				SDKROOT = iphoneos;
				TARGETED_DEVICE_FAMILY = "1,2";
				VALIDATE_PRODUCT = YES;
			};
			name = Release;
		};
		81921ED2180C865000ECCBEE /* Debug */ = {
			isa = XCBuildConfiguration;
			buildSettings = {
				GCC_PRECOMPILE_PREFIX_HEADER = YES;
				GCC_PREFIX_HEADER = "NowWhat/NowWhat-Prefix.pch";
				INFOPLIST_FILE = "NowWhat/NowWhat-Info.plist";
				IPHONEOS_DEPLOYMENT_TARGET = 5.0;
				PRODUCT_NAME = "$(TARGET_NAME)";
				WRAPPER_EXTENSION = app;
			};
			name = Debug;
		};
		81921ED3180C865000ECCBEE /* Release */ = {
			isa = XCBuildConfiguration;
			buildSettings = {
				GCC_PRECOMPILE_PREFIX_HEADER = YES;
				GCC_PREFIX_HEADER = "NowWhat/NowWhat-Prefix.pch";
				INFOPLIST_FILE = "NowWhat/NowWhat-Info.plist";
				IPHONEOS_DEPLOYMENT_TARGET = 5.0;
				PRODUCT_NAME = "$(TARGET_NAME)";
				WRAPPER_EXTENSION = app;
			};
			name = Release;
		};
/* End XCBuildConfiguration section */

/* Begin XCConfigurationList section */
		81921E9E180C865000ECCBEE /* Build configuration list for PBXProject "NowWhat" */ = {
			isa = XCConfigurationList;
			buildConfigurations = (
				81921ECF180C865000ECCBEE /* Debug */,
				81921ED0180C865000ECCBEE /* Release */,
			);
			defaultConfigurationIsVisible = 0;
			defaultConfigurationName = Release;
		};
		81921ED1180C865000ECCBEE /* Build configuration list for PBXNativeTarget "NowWhat" */ = {
			isa = XCConfigurationList;
			buildConfigurations = (
				81921ED2180C865000ECCBEE /* Debug */,
				81921ED3180C865000ECCBEE /* Release */,
			);
			defaultConfigurationIsVisible = 0;
			defaultConfigurationName = Release;
		};
/* End XCConfigurationList section */

/* Begin XCVersionGroup section */
		81921EC6180C865000ECCBEE /* NowWhat.xcdatamodeld */ = {
			isa = XCVersionGroup;
			children = (
				81921EC7180C865000ECCBEE /* NowWhat.xcdatamodel */,
			);
			currentVersion = 81921EC7180C865000ECCBEE /* NowWhat.xcdatamodel */;
			path = NowWhat.xcdatamodeld;
			sourceTree = "<group>";
			versionGroupType = wrapper.xcdatamodel;
		};
/* End XCVersionGroup section */
	};
	rootObject = 81921E9B180C865000ECCBEE /* Project object */;
}
